
Microsoft Visual Studio Solution File, Format Version 12.00
# Visual Studio Version 17
VisualStudioVersion = 17.9.34622.214
MinimumVisualStudioVersion = 10.0.40219.1
Project("{FAE04EC0-301F-11D3-BF4B-00C04F79EFBC}") = "WebApi", "WebApi\WebApi.csproj", "{1824884E-A09F-4C79-BA44-843B293E40A2}"
EndProject
Project("{FAE04EC0-301F-11D3-BF4B-00C04F79EFBC}") = "WebApi.Tests", "WebApi.Tests\WebApi.Tests.csproj", "{1EF4BA76-39B0-442F-A147-9CBA0A9F3E57}"
EndProject
Global
	GlobalSection(SolutionConfigurationPlatforms) = preSolution
		Debug|Any CPU = Debug|Any CPU
		Release|Any CPU = Release|Any CPU
	EndGlobalSection
	GlobalSection(ProjectConfigurationPlatforms) = postSolution
		{1824884E-A09F-4C79-BA44-843B293E40A2}.Debug|Any CPU.ActiveCfg = Debug|Any CPU
		{1824884E-A09F-4C79-BA44-843B293E40A2}.Debug|Any CPU.Build.0 = Debug|Any CPU
		{1824884E-A09F-4C79-BA44-843B293E40A2}.Release|Any CPU.ActiveCfg = Release|Any CPU
		{1824884E-A09F-4C79-BA44-843B293E40A2}.Release|Any CPU.Build.0 = Release|Any CPU
		{1EF4BA76-39B0-442F-A147-9CBA0A9F3E57}.Debug|Any CPU.ActiveCfg = Debug|Any CPU
		{1EF4BA76-39B0-442F-A147-9CBA0A9F3E57}.Debug|Any CPU.Build.0 = Debug|Any CPU
		{1EF4BA76-39B0-442F-A147-9CBA0A9F3E57}.Release|Any CPU.ActiveCfg = Release|Any CPU
		{1EF4BA76-39B0-442F-A147-9CBA0A9F3E57}.Release|Any CPU.Build.0 = Release|Any CPU
	EndGlobalSection
	GlobalSection(SolutionProperties) = preSolution
		HideSolutionNode = FALSE
	EndGlobalSection
	GlobalSection(ExtensibilityGlobals) = postSolution
		SolutionGuid = {B49D7A2D-EC13-4C1D-A635-4434F45815EC}
	EndGlobalSection
EndGlobal
